// !$*UTF8*$!
{
	archiveVersion = 1;
	classes = {
	};
	objectVersion = 56;
	objects = {

/* Begin PBXBuildFile section */
		52F894E62CDAC51A0094EA87 /* PodEjemplo.framework in Frameworks */ = {isa = PBXBuildFile; fileRef = 52F894DD2CDAC5190094EA87 /* PodEjemplo.framework */; };
		52F894EB2CDAC51A0094EA87 /* PodEjemploTests.swift in Sources */ = {isa = PBXBuildFile; fileRef = 52F894EA2CDAC51A0094EA87 /* PodEjemploTests.swift */; };
		52F894EC2CDAC51A0094EA87 /* PodEjemplo.h in Headers */ = {isa = PBXBuildFile; fileRef = 52F894E02CDAC5190094EA87 /* PodEjemplo.h */; settings = {ATTRIBUTES = (Public, ); }; };
		52F894FC2CDAC65D0094EA87 /* AppDelegate.swift in Sources */ = {isa = PBXBuildFile; fileRef = 52F894FB2CDAC65D0094EA87 /* AppDelegate.swift */; };
		52F894FE2CDAC65D0094EA87 /* SceneDelegate.swift in Sources */ = {isa = PBXBuildFile; fileRef = 52F894FD2CDAC65D0094EA87 /* SceneDelegate.swift */; };
		52F895002CDAC65D0094EA87 /* ViewController.swift in Sources */ = {isa = PBXBuildFile; fileRef = 52F894FF2CDAC65D0094EA87 /* ViewController.swift */; };
		52F895032CDAC65D0094EA87 /* Base in Resources */ = {isa = PBXBuildFile; fileRef = 52F895022CDAC65D0094EA87 /* Base */; };
		52F895052CDAC6620094EA87 /* Assets.xcassets in Resources */ = {isa = PBXBuildFile; fileRef = 52F895042CDAC6620094EA87 /* Assets.xcassets */; };
		52F895082CDAC6620094EA87 /* Base in Resources */ = {isa = PBXBuildFile; fileRef = 52F895072CDAC6620094EA87 /* Base */; };
/* End PBXBuildFile section */

/* Begin PBXContainerItemProxy section */
		52F894E72CDAC51A0094EA87 /* PBXContainerItemProxy */ = {
			isa = PBXContainerItemProxy;
			containerPortal = 52F894D42CDAC5190094EA87 /* Project object */;
			proxyType = 1;
			remoteGlobalIDString = 52F894DC2CDAC5190094EA87;
			remoteInfo = PodEjemplo;
		};
/* End PBXContainerItemProxy section */

/* Begin PBXFileReference section */
		52F894DD2CDAC5190094EA87 /* PodEjemplo.framework */ = {isa = PBXFileReference; explicitFileType = wrapper.framework; includeInIndex = 0; path = PodEjemplo.framework; sourceTree = BUILT_PRODUCTS_DIR; };
		52F894E02CDAC5190094EA87 /* PodEjemplo.h */ = {isa = PBXFileReference; lastKnownFileType = sourcecode.c.h; path = PodEjemplo.h; sourceTree = "<group>"; };
		52F894E52CDAC51A0094EA87 /* PodEjemploTests.xctest */ = {isa = PBXFileReference; explicitFileType = wrapper.cfbundle; includeInIndex = 0; path = PodEjemploTests.xctest; sourceTree = BUILT_PRODUCTS_DIR; };
		52F894EA2CDAC51A0094EA87 /* PodEjemploTests.swift */ = {isa = PBXFileReference; lastKnownFileType = sourcecode.swift; path = PodEjemploTests.swift; sourceTree = "<group>"; };
		52F894F92CDAC65D0094EA87 /* PodEjemploExamples.app */ = {isa = PBXFileReference; explicitFileType = wrapper.application; includeInIndex = 0; path = PodEjemploExamples.app; sourceTree = BUILT_PRODUCTS_DIR; };
		52F894FB2CDAC65D0094EA87 /* AppDelegate.swift */ = {isa = PBXFileReference; lastKnownFileType = sourcecode.swift; path = AppDelegate.swift; sourceTree = "<group>"; };
		52F894FD2CDAC65D0094EA87 /* SceneDelegate.swift */ = {isa = PBXFileReference; lastKnownFileType = sourcecode.swift; path = SceneDelegate.swift; sourceTree = "<group>"; };
		52F894FF2CDAC65D0094EA87 /* ViewController.swift */ = {isa = PBXFileReference; lastKnownFileType = sourcecode.swift; path = ViewController.swift; sourceTree = "<group>"; };
		52F895022CDAC65D0094EA87 /* Base */ = {isa = PBXFileReference; lastKnownFileType = file.storyboard; name = Base; path = Base.lproj/Main.storyboard; sourceTree = "<group>"; };
		52F895042CDAC6620094EA87 /* Assets.xcassets */ = {isa = PBXFileReference; lastKnownFileType = folder.assetcatalog; path = Assets.xcassets; sourceTree = "<group>"; };
		52F895072CDAC6620094EA87 /* Base */ = {isa = PBXFileReference; lastKnownFileType = file.storyboard; name = Base; path = Base.lproj/LaunchScreen.storyboard; sourceTree = "<group>"; };
		52F895092CDAC6620094EA87 /* Info.plist */ = {isa = PBXFileReference; lastKnownFileType = text.plist.xml; path = Info.plist; sourceTree = "<group>"; };
/* End PBXFileReference section */

/* Begin PBXFrameworksBuildPhase section */
		52F894DA2CDAC5190094EA87 /* Frameworks */ = {
			isa = PBXFrameworksBuildPhase;
			buildActionMask = 2147483647;
			files = (
			);
			runOnlyForDeploymentPostprocessing = 0;
		};
		52F894E22CDAC51A0094EA87 /* Frameworks */ = {
			isa = PBXFrameworksBuildPhase;
			buildActionMask = 2147483647;
			files = (
				52F894E62CDAC51A0094EA87 /* PodEjemplo.framework in Frameworks */,
			);
			runOnlyForDeploymentPostprocessing = 0;
		};
		52F894F62CDAC65D0094EA87 /* Frameworks */ = {
			isa = PBXFrameworksBuildPhase;
			buildActionMask = 2147483647;
			files = (
			);
			runOnlyForDeploymentPostprocessing = 0;
		};
/* End PBXFrameworksBuildPhase section */

/* Begin PBXGroup section */
		52F894D32CDAC5190094EA87 = {
			isa = PBXGroup;
			children = (
				52F894DF2CDAC5190094EA87 /* PodEjemplo */,
				52F894E92CDAC51A0094EA87 /* PodEjemploTests */,
				52F894FA2CDAC65D0094EA87 /* PodEjemploExamples */,
				52F894DE2CDAC5190094EA87 /* Products */,
			);
			sourceTree = "<group>";
		};
		52F894DE2CDAC5190094EA87 /* Products */ = {
			isa = PBXGroup;
			children = (
				52F894DD2CDAC5190094EA87 /* PodEjemplo.framework */,
				52F894E52CDAC51A0094EA87 /* PodEjemploTests.xctest */,
				52F894F92CDAC65D0094EA87 /* PodEjemploExamples.app */,
			);
			name = Products;
			sourceTree = "<group>";
		};
		52F894DF2CDAC5190094EA87 /* PodEjemplo */ = {
			isa = PBXGroup;
			children = (
				52F894E02CDAC5190094EA87 /* PodEjemplo.h */,
			);
			path = PodEjemplo;
			sourceTree = "<group>";
		};
		52F894E92CDAC51A0094EA87 /* PodEjemploTests */ = {
			isa = PBXGroup;
			children = (
				52F894EA2CDAC51A0094EA87 /* PodEjemploTests.swift */,
			);
			path = PodEjemploTests;
			sourceTree = "<group>";
		};
		52F894FA2CDAC65D0094EA87 /* PodEjemploExamples */ = {
			isa = PBXGroup;
			children = (
				52F894FB2CDAC65D0094EA87 /* AppDelegate.swift */,
				52F894FD2CDAC65D0094EA87 /* SceneDelegate.swift */,
				52F894FF2CDAC65D0094EA87 /* ViewController.swift */,
				52F895012CDAC65D0094EA87 /* Main.storyboard */,
				52F895042CDAC6620094EA87 /* Assets.xcassets */,
				52F895062CDAC6620094EA87 /* LaunchScreen.storyboard */,
				52F895092CDAC6620094EA87 /* Info.plist */,
			);
			path = PodEjemploExamples;
			sourceTree = "<group>";
		};
/* End PBXGroup section */

/* Begin PBXHeadersBuildPhase section */
		52F894D82CDAC5190094EA87 /* Headers */ = {
			isa = PBXHeadersBuildPhase;
			buildActionMask = 2147483647;
			files = (
				52F894EC2CDAC51A0094EA87 /* PodEjemplo.h in Headers */,
			);
			runOnlyForDeploymentPostprocessing = 0;
		};
/* End PBXHeadersBuildPhase section */

/* Begin PBXNativeTarget section */
		52F894DC2CDAC5190094EA87 /* PodEjemplo */ = {
			isa = PBXNativeTarget;
			buildConfigurationList = 52F894EF2CDAC51A0094EA87 /* Build configuration list for PBXNativeTarget "PodEjemplo" */;
			buildPhases = (
				52F894D82CDAC5190094EA87 /* Headers */,
				52F894D92CDAC5190094EA87 /* Sources */,
				52F894DA2CDAC5190094EA87 /* Frameworks */,
				52F894DB2CDAC5190094EA87 /* Resources */,
			);
			buildRules = (
			);
			dependencies = (
			);
			name = PodEjemplo;
			productName = PodEjemplo;
			productReference = 52F894DD2CDAC5190094EA87 /* PodEjemplo.framework */;
			productType = "com.apple.product-type.framework";
		};
		52F894E42CDAC51A0094EA87 /* PodEjemploTests */ = {
			isa = PBXNativeTarget;
			buildConfigurationList = 52F894F22CDAC51A0094EA87 /* Build configuration list for PBXNativeTarget "PodEjemploTests" */;
			buildPhases = (
				52F894E12CDAC51A0094EA87 /* Sources */,
				52F894E22CDAC51A0094EA87 /* Frameworks */,
				52F894E32CDAC51A0094EA87 /* Resources */,
			);
			buildRules = (
			);
			dependencies = (
				52F894E82CDAC51A0094EA87 /* PBXTargetDependency */,
			);
			name = PodEjemploTests;
			productName = PodEjemploTests;
			productReference = 52F894E52CDAC51A0094EA87 /* PodEjemploTests.xctest */;
			productType = "com.apple.product-type.bundle.unit-test";
		};
		52F894F82CDAC65D0094EA87 /* PodEjemploExamples */ = {
			isa = PBXNativeTarget;
			buildConfigurationList = 52F8950A2CDAC6620094EA87 /* Build configuration list for PBXNativeTarget "PodEjemploExamples" */;
			buildPhases = (
				52F894F52CDAC65D0094EA87 /* Sources */,
				52F894F62CDAC65D0094EA87 /* Frameworks */,
				52F894F72CDAC65D0094EA87 /* Resources */,
			);
			buildRules = (
			);
			dependencies = (
			);
			name = PodEjemploExamples;
			productName = PodEjemploExamples;
			productReference = 52F894F92CDAC65D0094EA87 /* PodEjemploExamples.app */;
			productType = "com.apple.product-type.application";
		};
/* End PBXNativeTarget section */

/* Begin PBXProject section */
		52F894D42CDAC5190094EA87 /* Project object */ = {
			isa = PBXProject;
			attributes = {
				BuildIndependentTargetsInParallel = 1;
				LastSwiftUpdateCheck = 1540;
				LastUpgradeCheck = 1540;
				TargetAttributes = {
					52F894DC2CDAC5190094EA87 = {
						CreatedOnToolsVersion = 15.4;
					};
					52F894E42CDAC51A0094EA87 = {
						CreatedOnToolsVersion = 15.4;
					};
					52F894F82CDAC65D0094EA87 = {
						CreatedOnToolsVersion = 15.4;
					};
				};
			};
			buildConfigurationList = 52F894D72CDAC5190094EA87 /* Build configuration list for PBXProject "PodEjemplo" */;
			compatibilityVersion = "Xcode 14.0";
			developmentRegion = en;
			hasScannedForEncodings = 0;
			knownRegions = (
				en,
				Base,
			);
			mainGroup = 52F894D32CDAC5190094EA87;
			productRefGroup = 52F894DE2CDAC5190094EA87 /* Products */;
			projectDirPath = "";
			projectRoot = "";
			targets = (
				52F894DC2CDAC5190094EA87 /* PodEjemplo */,
				52F894E42CDAC51A0094EA87 /* PodEjemploTests */,
				52F894F82CDAC65D0094EA87 /* PodEjemploExamples */,
			);
		};
/* End PBXProject section */

/* Begin PBXResourcesBuildPhase section */
		52F894DB2CDAC5190094EA87 /* Resources */ = {
			isa = PBXResourcesBuildPhase;
			buildActionMask = 2147483647;
			files = (
			);
			runOnlyForDeploymentPostprocessing = 0;
		};
		52F894E32CDAC51A0094EA87 /* Resources */ = {
			isa = PBXResourcesBuildPhase;
			buildActionMask = 2147483647;
			files = (
			);
			runOnlyForDeploymentPostprocessing = 0;
		};
		52F894F72CDAC65D0094EA87 /* Resources */ = {
			isa = PBXResourcesBuildPhase;
			buildActionMask = 2147483647;
			files = (
				52F895052CDAC6620094EA87 /* Assets.xcassets in Resources */,
				52F895082CDAC6620094EA87 /* Base in Resources */,
				52F895032CDAC65D0094EA87 /* Base in Resources */,
			);
			runOnlyForDeploymentPostprocessing = 0;
		};
/* End PBXResourcesBuildPhase section */

/* Begin PBXSourcesBuildPhase section */
		52F894D92CDAC5190094EA87 /* Sources */ = {
			isa = PBXSourcesBuildPhase;
			buildActionMask = 2147483647;
			files = (
			);
			runOnlyForDeploymentPostprocessing = 0;
		};
		52F894E12CDAC51A0094EA87 /* Sources */ = {
			isa = PBXSourcesBuildPhase;
			buildActionMask = 2147483647;
			files = (
				52F894EB2CDAC51A0094EA87 /* PodEjemploTests.swift in Sources */,
			);
			runOnlyForDeploymentPostprocessing = 0;
		};
		52F894F52CDAC65D0094EA87 /* Sources */ = {
			isa = PBXSourcesBuildPhase;
			buildActionMask = 2147483647;
			files = (
				52F895002CDAC65D0094EA87 /* ViewController.swift in Sources */,
				52F894FC2CDAC65D0094EA87 /* AppDelegate.swift in Sources */,
				52F894FE2CDAC65D0094EA87 /* SceneDelegate.swift in Sources */,
			);
			runOnlyForDeploymentPostprocessing = 0;
		};
/* End PBXSourcesBuildPhase section */

/* Begin PBXTargetDependency section */
		52F894E82CDAC51A0094EA87 /* PBXTargetDependency */ = {
			isa = PBXTargetDependency;
			target = 52F894DC2CDAC5190094EA87 /* PodEjemplo */;
			targetProxy = 52F894E72CDAC51A0094EA87 /* PBXContainerItemProxy */;
		};
/* End PBXTargetDependency section */

/* Begin PBXVariantGroup section */
		52F895012CDAC65D0094EA87 /* Main.storyboard */ = {
			isa = PBXVariantGroup;
			children = (
				52F895022CDAC65D0094EA87 /* Base */,
			);
			name = Main.storyboard;
			sourceTree = "<group>";
		};
		52F895062CDAC6620094EA87 /* LaunchScreen.storyboard */ = {
			isa = PBXVariantGroup;
			children = (
				52F895072CDAC6620094EA87 /* Base */,
			);
			name = LaunchScreen.storyboard;
			sourceTree = "<group>";
		};
/* End PBXVariantGroup section */

/* Begin XCBuildConfiguration section */
		52F894ED2CDAC51A0094EA87 /* Debug */ = {
			isa = XCBuildConfiguration;
			buildSettings = {
				ALWAYS_SEARCH_USER_PATHS = NO;
				ASSETCATALOG_COMPILER_GENERATE_SWIFT_ASSET_SYMBOL_EXTENSIONS = YES;
				CLANG_ANALYZER_NONNULL = YES;
				CLANG_ANALYZER_NUMBER_OBJECT_CONVERSION = YES_AGGRESSIVE;
				CLANG_CXX_LANGUAGE_STANDARD = "gnu++20";
				CLANG_ENABLE_MODULES = YES;
				CLANG_ENABLE_OBJC_ARC = YES;
				CLANG_ENABLE_OBJC_WEAK = YES;
				CLANG_WARN_BLOCK_CAPTURE_AUTORELEASING = YES;
				CLANG_WARN_BOOL_CONVERSION = YES;
				CLANG_WARN_COMMA = YES;
				CLANG_WARN_CONSTANT_CONVERSION = YES;
				CLANG_WARN_DEPRECATED_OBJC_IMPLEMENTATIONS = YES;
				CLANG_WARN_DIRECT_OBJC_ISA_USAGE = YES_ERROR;
				CLANG_WARN_DOCUMENTATION_COMMENTS = YES;
				CLANG_WARN_EMPTY_BODY = YES;
				CLANG_WARN_ENUM_CONVERSION = YES;
				CLANG_WARN_INFINITE_RECURSION = YES;
				CLANG_WARN_INT_CONVERSION = YES;
				CLANG_WARN_NON_LITERAL_NULL_CONVERSION = YES;
				CLANG_WARN_OBJC_IMPLICIT_RETAIN_SELF = YES;
				CLANG_WARN_OBJC_LITERAL_CONVERSION = YES;
				CLANG_WARN_OBJC_ROOT_CLASS = YES_ERROR;
				CLANG_WARN_QUOTED_INCLUDE_IN_FRAMEWORK_HEADER = YES;
				CLANG_WARN_RANGE_LOOP_ANALYSIS = YES;
				CLANG_WARN_STRICT_PROTOTYPES = YES;
				CLANG_WARN_SUSPICIOUS_MOVE = YES;
				CLANG_WARN_UNGUARDED_AVAILABILITY = YES_AGGRESSIVE;
				CLANG_WARN_UNREACHABLE_CODE = YES;
				CLANG_WARN__DUPLICATE_METHOD_MATCH = YES;
				COPY_PHASE_STRIP = NO;
				CURRENT_PROJECT_VERSION = 1;
				DEBUG_INFORMATION_FORMAT = dwarf;
				ENABLE_STRICT_OBJC_MSGSEND = YES;
				ENABLE_TESTABILITY = YES;
				ENABLE_USER_SCRIPT_SANDBOXING = YES;
				GCC_C_LANGUAGE_STANDARD = gnu17;
				GCC_DYNAMIC_NO_PIC = NO;
				GCC_NO_COMMON_BLOCKS = YES;
				GCC_OPTIMIZATION_LEVEL = 0;
				GCC_PREPROCESSOR_DEFINITIONS = (
					"DEBUG=1",
					"$(inherited)",
				);
				GCC_WARN_64_TO_32_BIT_CONVERSION = YES;
				GCC_WARN_ABOUT_RETURN_TYPE = YES_ERROR;
				GCC_WARN_UNDECLARED_SELECTOR = YES;
				GCC_WARN_UNINITIALIZED_AUTOS = YES_AGGRESSIVE;
				GCC_WARN_UNUSED_FUNCTION = YES;
				GCC_WARN_UNUSED_VARIABLE = YES;
				IPHONEOS_DEPLOYMENT_TARGET = 17.5;
				LOCALIZATION_PREFERS_STRING_CATALOGS = YES;
				MTL_ENABLE_DEBUG_INFO = INCLUDE_SOURCE;
				MTL_FAST_MATH = YES;
				ONLY_ACTIVE_ARCH = YES;
				SDKROOT = iphoneos;
				SWIFT_ACTIVE_COMPILATION_CONDITIONS = "DEBUG $(inherited)";
				SWIFT_OPTIMIZATION_LEVEL = "-Onone";
				VERSIONING_SYSTEM = "apple-generic";
				VERSION_INFO_PREFIX = "";
			};
			name = Debug;
		};
		52F894EE2CDAC51A0094EA87 /* Release */ = {
			isa = XCBuildConfiguration;
			buildSettings = {
				ALWAYS_SEARCH_USER_PATHS = NO;
				ASSETCATALOG_COMPILER_GENERATE_SWIFT_ASSET_SYMBOL_EXTENSIONS = YES;
				CLANG_ANALYZER_NONNULL = YES;
				CLANG_ANALYZER_NUMBER_OBJECT_CONVERSION = YES_AGGRESSIVE;
				CLANG_CXX_LANGUAGE_STANDARD = "gnu++20";
				CLANG_ENABLE_MODULES = YES;
				CLANG_ENABLE_OBJC_ARC = YES;
				CLANG_ENABLE_OBJC_WEAK = YES;
				CLANG_WARN_BLOCK_CAPTURE_AUTORELEASING = YES;
				CLANG_WARN_BOOL_CONVERSION = YES;
				CLANG_WARN_COMMA = YES;
				CLANG_WARN_CONSTANT_CONVERSION = YES;
				CLANG_WARN_DEPRECATED_OBJC_IMPLEMENTATIONS = YES;
				CLANG_WARN_DIRECT_OBJC_ISA_USAGE = YES_ERROR;
				CLANG_WARN_DOCUMENTATION_COMMENTS = YES;
				CLANG_WARN_EMPTY_BODY = YES;
				CLANG_WARN_ENUM_CONVERSION = YES;
				CLANG_WARN_INFINITE_RECURSION = YES;
				CLANG_WARN_INT_CONVERSION = YES;
				CLANG_WARN_NON_LITERAL_NULL_CONVERSION = YES;
				CLANG_WARN_OBJC_IMPLICIT_RETAIN_SELF = YES;
				CLANG_WARN_OBJC_LITERAL_CONVERSION = YES;
				CLANG_WARN_OBJC_ROOT_CLASS = YES_ERROR;
				CLANG_WARN_QUOTED_INCLUDE_IN_FRAMEWORK_HEADER = YES;
				CLANG_WARN_RANGE_LOOP_ANALYSIS = YES;
				CLANG_WARN_STRICT_PROTOTYPES = YES;
				CLANG_WARN_SUSPICIOUS_MOVE = YES;
				CLANG_WARN_UNGUARDED_AVAILABILITY = YES_AGGRESSIVE;
				CLANG_WARN_UNREACHABLE_CODE = YES;
				CLANG_WARN__DUPLICATE_METHOD_MATCH = YES;
				COPY_PHASE_STRIP = NO;
				CURRENT_PROJECT_VERSION = 1;
				DEBUG_INFORMATION_FORMAT = "dwarf-with-dsym";
				ENABLE_NS_ASSERTIONS = NO;
				ENABLE_STRICT_OBJC_MSGSEND = YES;
				ENABLE_USER_SCRIPT_SANDBOXING = YES;
				GCC_C_LANGUAGE_STANDARD = gnu17;
				GCC_NO_COMMON_BLOCKS = YES;
				GCC_WARN_64_TO_32_BIT_CONVERSION = YES;
				GCC_WARN_ABOUT_RETURN_TYPE = YES_ERROR;
				GCC_WARN_UNDECLARED_SELECTOR = YES;
				GCC_WARN_UNINITIALIZED_AUTOS = YES_AGGRESSIVE;
				GCC_WARN_UNUSED_FUNCTION = YES;
				GCC_WARN_UNUSED_VARIABLE = YES;
				IPHONEOS_DEPLOYMENT_TARGET = 17.5;
				LOCALIZATION_PREFERS_STRING_CATALOGS = YES;
				MTL_ENABLE_DEBUG_INFO = NO;
				MTL_FAST_MATH = YES;
				SDKROOT = iphoneos;
				SWIFT_COMPILATION_MODE = wholemodule;
				VALIDATE_PRODUCT = YES;
				VERSIONING_SYSTEM = "apple-generic";
				VERSION_INFO_PREFIX = "";
			};
			name = Release;
		};
		52F894F02CDAC51A0094EA87 /* Debug */ = {
			isa = XCBuildConfiguration;
			buildSettings = {
				BUILD_LIBRARY_FOR_DISTRIBUTION = YES;
				CODE_SIGN_STYLE = Automatic;
				CURRENT_PROJECT_VERSION = 1;
				DEFINES_MODULE = YES;
				DEVELOPMENT_TEAM = TTHDUHC2M8;
				DYLIB_COMPATIBILITY_VERSION = 1;
				DYLIB_CURRENT_VERSION = 1;
				DYLIB_INSTALL_NAME_BASE = "@rpath";
				ENABLE_MODULE_VERIFIER = YES;
				GENERATE_INFOPLIST_FILE = YES;
				INFOPLIST_KEY_NSHumanReadableCopyright = "";
				INSTALL_PATH = "$(LOCAL_LIBRARY_DIR)/Frameworks";
				LD_RUNPATH_SEARCH_PATHS = (
					"$(inherited)",
					"@executable_path/Frameworks",
					"@loader_path/Frameworks",
				);
				MARKETING_VERSION = 1.0;
				MODULE_VERIFIER_SUPPORTED_LANGUAGES = "objective-c objective-c++";
				MODULE_VERIFIER_SUPPORTED_LANGUAGE_STANDARDS = "gnu17 gnu++20";
				PRODUCT_BUNDLE_IDENTIFIER = com.cqesolutions.PodEjemplo;
				PRODUCT_NAME = "$(TARGET_NAME:c99extidentifier)";
				SKIP_INSTALL = YES;
				SWIFT_EMIT_LOC_STRINGS = YES;
				SWIFT_INSTALL_OBJC_HEADER = NO;
				SWIFT_VERSION = 5.0;
				TARGETED_DEVICE_FAMILY = "1,2";
			};
			name = Debug;
		};
		52F894F12CDAC51A0094EA87 /* Release */ = {
			isa = XCBuildConfiguration;
			buildSettings = {
				BUILD_LIBRARY_FOR_DISTRIBUTION = YES;
				CODE_SIGN_STYLE = Automatic;
				CURRENT_PROJECT_VERSION = 1;
				DEFINES_MODULE = YES;
				DEVELOPMENT_TEAM = TTHDUHC2M8;
				DYLIB_COMPATIBILITY_VERSION = 1;
				DYLIB_CURRENT_VERSION = 1;
				DYLIB_INSTALL_NAME_BASE = "@rpath";
				ENABLE_MODULE_VERIFIER = YES;
				GENERATE_INFOPLIST_FILE = YES;
				INFOPLIST_KEY_NSHumanReadableCopyright = "";
				INSTALL_PATH = "$(LOCAL_LIBRARY_DIR)/Frameworks";
				LD_RUNPATH_SEARCH_PATHS = (
					"$(inherited)",
					"@executable_path/Frameworks",
					"@loader_path/Frameworks",
				);
				MARKETING_VERSION = 1.0;
				MODULE_VERIFIER_SUPPORTED_LANGUAGES = "objective-c objective-c++";
				MODULE_VERIFIER_SUPPORTED_LANGUAGE_STANDARDS = "gnu17 gnu++20";
				PRODUCT_BUNDLE_IDENTIFIER = com.cqesolutions.PodEjemplo;
				PRODUCT_NAME = "$(TARGET_NAME:c99extidentifier)";
				SKIP_INSTALL = YES;
				SWIFT_EMIT_LOC_STRINGS = YES;
				SWIFT_INSTALL_OBJC_HEADER = NO;
				SWIFT_VERSION = 5.0;
				TARGETED_DEVICE_FAMILY = "1,2";
			};
			name = Release;
		};
		52F894F32CDAC51A0094EA87 /* Debug */ = {
			isa = XCBuildConfiguration;
			buildSettings = {
				CODE_SIGN_STYLE = Automatic;
				CURRENT_PROJECT_VERSION = 1;
				DEVELOPMENT_TEAM = TTHDUHC2M8;
				GENERATE_INFOPLIST_FILE = YES;
				MARKETING_VERSION = 1.0;
				PRODUCT_BUNDLE_IDENTIFIER = com.cqesolutions.PodEjemploTests;
				PRODUCT_NAME = "$(TARGET_NAME)";
				SWIFT_EMIT_LOC_STRINGS = NO;
				SWIFT_VERSION = 5.0;
				TARGETED_DEVICE_FAMILY = "1,2";
			};
			name = Debug;
		};
		52F894F42CDAC51A0094EA87 /* Release */ = {
			isa = XCBuildConfiguration;
			buildSettings = {
				CODE_SIGN_STYLE = Automatic;
				CURRENT_PROJECT_VERSION = 1;
				DEVELOPMENT_TEAM = TTHDUHC2M8;
				GENERATE_INFOPLIST_FILE = YES;
				MARKETING_VERSION = 1.0;
				PRODUCT_BUNDLE_IDENTIFIER = com.cqesolutions.PodEjemploTests;
				PRODUCT_NAME = "$(TARGET_NAME)";
				SWIFT_EMIT_LOC_STRINGS = NO;
				SWIFT_VERSION = 5.0;
				TARGETED_DEVICE_FAMILY = "1,2";
			};
			name = Release;
		};
		52F8950B2CDAC6620094EA87 /* Debug */ = {
			isa = XCBuildConfiguration;
			buildSettings = {
				ASSETCATALOG_COMPILER_APPICON_NAME = AppIcon;
				ASSETCATALOG_COMPILER_GLOBAL_ACCENT_COLOR_NAME = AccentColor;
				CODE_SIGN_STYLE = Automatic;
				CURRENT_PROJECT_VERSION = 1;
				DEVELOPMENT_TEAM = TTHDUHC2M8;
				GENERATE_INFOPLIST_FILE = YES;
				INFOPLIST_FILE = PodEjemploExamples/Info.plist;
				INFOPLIST_KEY_UIApplicationSupportsIndirectInputEvents = YES;
				INFOPLIST_KEY_UILaunchStoryboardName = LaunchScreen;
				INFOPLIST_KEY_UIMainStoryboardFile = Main;
				INFOPLIST_KEY_UISupportedInterfaceOrientations_iPad = "UIInterfaceOrientationPortrait UIInterfaceOrientationPortraitUpsideDown UIInterfaceOrientationLandscapeLeft UIInterfaceOrientationLandscapeRight";
				INFOPLIST_KEY_UISupportedInterfaceOrientations_iPhone = "UIInterfaceOrientationPortrait UIInterfaceOrientationLandscapeLeft UIInterfaceOrientationLandscapeRight";
				LD_RUNPATH_SEARCH_PATHS = (
					"$(inherited)",
					"@executable_path/Frameworks",
				);
				MARKETING_VERSION = 1.0;
				PRODUCT_BUNDLE_IDENTIFIER = com.cqesolutions.PodEjemploExamples;
				PRODUCT_NAME = "$(TARGET_NAME)";
				SWIFT_EMIT_LOC_STRINGS = YES;
				SWIFT_VERSION = 5.0;
				TARGETED_DEVICE_FAMILY = "1,2";
			};
			name = Debug;
		};
		52F8950C2CDAC6620094EA87 /* Release */ = {
			isa = XCBuildConfiguration;
			buildSettings = {
				ASSETCATALOG_COMPILER_APPICON_NAME = AppIcon;
				ASSETCATALOG_COMPILER_GLOBAL_ACCENT_COLOR_NAME = AccentColor;
				CODE_SIGN_STYLE = Automatic;
				CURRENT_PROJECT_VERSION = 1;
				DEVELOPMENT_TEAM = TTHDUHC2M8;
				GENERATE_INFOPLIST_FILE = YES;
				INFOPLIST_FILE = PodEjemploExamples/Info.plist;
				INFOPLIST_KEY_UIApplicationSupportsIndirectInputEvents = YES;
				INFOPLIST_KEY_UILaunchStoryboardName = LaunchScreen;
				INFOPLIST_KEY_UIMainStoryboardFile = Main;
				INFOPLIST_KEY_UISupportedInterfaceOrientations_iPad = "UIInterfaceOrientationPortrait UIInterfaceOrientationPortraitUpsideDown UIInterfaceOrientationLandscapeLeft UIInterfaceOrientationLandscapeRight";
				INFOPLIST_KEY_UISupportedInterfaceOrientations_iPhone = "UIInterfaceOrientationPortrait UIInterfaceOrientationLandscapeLeft UIInterfaceOrientationLandscapeRight";
				LD_RUNPATH_SEARCH_PATHS = (
					"$(inherited)",
					"@executable_path/Frameworks",
				);
				MARKETING_VERSION = 1.0;
				PRODUCT_BUNDLE_IDENTIFIER = com.cqesolutions.PodEjemploExamples;
				PRODUCT_NAME = "$(TARGET_NAME)";
				SWIFT_EMIT_LOC_STRINGS = YES;
				SWIFT_VERSION = 5.0;
				TARGETED_DEVICE_FAMILY = "1,2";
			};
			name = Release;
		};
/* End XCBuildConfiguration section */

/* Begin XCConfigurationList section */
		52F894D72CDAC5190094EA87 /* Build configuration list for PBXProject "PodEjemplo" */ = {
			isa = XCConfigurationList;
			buildConfigurations = (
				52F894ED2CDAC51A0094EA87 /* Debug */,
				52F894EE2CDAC51A0094EA87 /* Release */,
			);
			defaultConfigurationIsVisible = 0;
			defaultConfigurationName = Release;
		};
		52F894EF2CDAC51A0094EA87 /* Build configuration list for PBXNativeTarget "PodEjemplo" */ = {
			isa = XCConfigurationList;
			buildConfigurations = (
				52F894F02CDAC51A0094EA87 /* Debug */,
				52F894F12CDAC51A0094EA87 /* Release */,
			);
			defaultConfigurationIsVisible = 0;
			defaultConfigurationName = Release;
		};
		52F894F22CDAC51A0094EA87 /* Build configuration list for PBXNativeTarget "PodEjemploTests" */ = {
			isa = XCConfigurationList;
			buildConfigurations = (
				52F894F32CDAC51A0094EA87 /* Debug */,
				52F894F42CDAC51A0094EA87 /* Release */,
			);
			defaultConfigurationIsVisible = 0;
			defaultConfigurationName = Release;
		};
		52F8950A2CDAC6620094EA87 /* Build configuration list for PBXNativeTarget "PodEjemploExamples" */ = {
			isa = XCConfigurationList;
			buildConfigurations = (
				52F8950B2CDAC6620094EA87 /* Debug */,
				52F8950C2CDAC6620094EA87 /* Release */,
			);
			defaultConfigurationIsVisible = 0;
			defaultConfigurationName = Release;
		};
/* End XCConfigurationList section */
	};
	rootObject = 52F894D42CDAC5190094EA87 /* Project object */;
}
